
Microsoft Visual Studio Solution File, Format Version 12.00
# Visual Studio 15
VisualStudioVersion = 15.0.27130.2020
MinimumVisualStudioVersion = 10.0.40219.1
Project("{8BC9CEB8-8B4A-11D0-8D11-00A0C91BC942}") = "libcryptonote", "src\Hashing\libcryptonote\libcryptonote.vcxproj", "{2DE74E14-BF6D-4046-951B-8EBC8A1BA009}"
EndProject
Project("{8BC9CEB8-8B4A-11D0-8D11-00A0C91BC942}") = "libmultihash", "src\Hashing\libmultihash\libmultihash.vcxproj", "{F9AAEAF9-F55F-40DC-8CB3-F289323F3E46}"
EndProject
Global
	GlobalSection(SolutionConfigurationPlatforms) = preSolution
		Debug|x64 = Debug|x64
		Debug|x86 = Debug|x86
		Release|x64 = Release|x64
		Release|x86 = Release|x86
	EndGlobalSection
	GlobalSection(ProjectConfigurationPlatforms) = postSolution
		{2DE74E14-BF6D-4046-951B-8EBC8A1BA009}.Debug|x64.ActiveCfg = Debug|x64
		{2DE74E14-BF6D-4046-951B-8EBC8A1BA009}.Debug|x64.Build.0 = Debug|x64
		{2DE74E14-BF6D-4046-951B-8EBC8A1BA009}.Debug|x86.ActiveCfg = Debug|Win32
		{2DE74E14-BF6D-4046-951B-8EBC8A1BA009}.Debug|x86.Build.0 = Debug|Win32
		{2DE74E14-BF6D-4046-951B-8EBC8A1BA009}.Release|x64.ActiveCfg = Release|x64
		{2DE74E14-BF6D-4046-951B-8EBC8A1BA009}.Release|x64.Build.0 = Release|x64
		{2DE74E14-BF6D-4046-951B-8EBC8A1BA009}.Release|x86.ActiveCfg = Release|Win32
		{2DE74E14-BF6D-4046-951B-8EBC8A1BA009}.Release|x86.Build.0 = Release|Win32
		{F9AAEAF9-F55F-40DC-8CB3-F289323F3E46}.Debug|x64.ActiveCfg = Debug|x64
		{F9AAEAF9-F55F-40DC-8CB3-F289323F3E46}.Debug|x64.Build.0 = Debug|x64
		{F9AAEAF9-F55F-40DC-8CB3-F289323F3E46}.Debug|x86.ActiveCfg = Debug|Win32
		{F9AAEAF9-F55F-40DC-8CB3-F289323F3E46}.Debug|x86.Build.0 = Debug|Win32
		{F9AAEAF9-F55F-40DC-8CB3-F289323F3E46}.Release|x64.ActiveCfg = Release|x64
		{F9AAEAF9-F55F-40DC-8CB3-F289323F3E46}.Release|x64.Build.0 = Release|x64
		{F9AAEAF9-F55F-40DC-8CB3-F289323F3E46}.Release|x86.ActiveCfg = Release|Win32
		{F9AAEAF9-F55F-40DC-8CB3-F289323F3E46}.Release|x86.Build.0 = Release|Win32
	EndGlobalSection
	GlobalSection(SolutionProperties) = preSolution
		HideSolutionNode = FALSE
	EndGlobalSection
	GlobalSection(ExtensibilityGlobals) = postSolution
		SolutionGuid = {50E351FF-2709-4C17-9AB0-6A4DD59EA464}
	EndGlobalSection
EndGlobal
