
Microsoft Visual Studio Solution File, Format Version 12.00
# Visual Studio 15
VisualStudioVersion = 15.0.27004.2010
MinimumVisualStudioVersion = 10.0.40219.1
Project("{9A19103F-16F7-4668-BE54-9A1E7A4F7556}") = "hypepool", "src\hypepool.csproj", "{B1E7063F-B6DE-46DB-B2F0-7C1D6EE54A34}"
EndProject
Global
	GlobalSection(SolutionConfigurationPlatforms) = preSolution
		Debug|Any CPU = Debug|Any CPU
		Release|Any CPU = Release|Any CPU
	EndGlobalSection
	GlobalSection(ProjectConfigurationPlatforms) = postSolution
		{B1E7063F-B6DE-46DB-B2F0-7C1D6EE54A34}.Debug|Any CPU.ActiveCfg = Debug|Any CPU
		{B1E7063F-B6DE-46DB-B2F0-7C1D6EE54A34}.Debug|Any CPU.Build.0 = Debug|Any CPU
		{B1E7063F-B6DE-46DB-B2F0-7C1D6EE54A34}.Release|Any CPU.ActiveCfg = Release|Any CPU
		{B1E7063F-B6DE-46DB-B2F0-7C1D6EE54A34}.Release|Any CPU.Build.0 = Release|Any CPU
	EndGlobalSection
	GlobalSection(SolutionProperties) = preSolution
		HideSolutionNode = FALSE
	EndGlobalSection
	GlobalSection(ExtensibilityGlobals) = postSolution
		SolutionGuid = {A237468A-5EBB-4D19-9AAD-85A05BCC1402}
	EndGlobalSection
EndGlobal
